{
  "name": "d352e76cc6b4974c",
  "lockfileVersion": 3,
  "requires": true,
  "packages": {
    "": {
      "dependencies": {
        "create-playwright": "^1.17.136"
      }
    },
    "node_modules/create-playwright": {
      "version": "1.17.136",
      "resolved": "https://registry.npmjs.org/create-playwright/-/create-playwright-1.17.136.tgz",
      "integrity": "sha512-DgPGMegpSPGbf5rzPLlIPXCe/bme088+305F8ibBLwY8y9iqmMsO3E4vSQW8qwgkkB7/xVdwNpBkzHNcnHOZvA==",
      "license": "Apache-2.0",
      "bin": {
        "create-playwright": "index.js"
      },
      "engines": {
        "node": ">=18"
      }
    }
  }
}
